# THIS IS AN AUTOGENERATED FILE. DO NOT EDIT THIS FILE DIRECTLY.
# yarn lockfile v1


"@rollup/plugin-node-resolve@*":
  version "13.3.0"
  resolved "https://registry.yarnpkg.com/@rollup/plugin-node-resolve/-/plugin-node-resolve-13.3.0.tgz#da1c5c5ce8316cef96a2f823d111c1e4e498801c"
  integrity sha512-Lus8rbUo1eEcnS4yTFKLZrVumLPY+YayBdWXgFSHYhTT2iJbMhoaaBL3xl5NCdeRytErGr8tZ0L71BMRmnlwSw==
  dependencies:
    "@rollup/pluginutils" "^3.1.0"
    "@types/resolve" "1.17.1"
    deepmerge "^4.2.2"
    is-builtin-module "^3.1.0"
    is-module "^1.0.0"
    resolve "^1.19.0"

"@rollup/pluginutils@^3.1.0":
  version "3.1.0"
  resolved "https://registry.yarnpkg.com/@rollup/pluginutils/-/pluginutils-3.1.0.tgz#706b4524ee6dc8b103b3c995533e5ad680c02b9b"
  integrity sha512-GksZ6pr6TpIjHm8h9lSQ8pi8BE9VeubNT0OMJ3B5uZJ8pz73NPiqOtCog/x2/QzM1ENChPKxMDhiQuRHsqc+lg==
  dependencies:
    "@types/estree" "0.0.39"
    estree-walker "^1.0.1"
    picomatch "^2.2.2"

"@rollup/pluginutils@^4.1.0":
  version "4.2.1"
  resolved "https://registry.yarnpkg.com/@rollup/pluginutils/-/pluginutils-4.2.1.tgz#e6c6c3aba0744edce3fb2074922d3776c0af2a6d"
  integrity sha512-iKnFXr7NkdZAIHiIWE+BX5ULi/ucVFYWD6TbAV+rZctiRTY2PL6tsIKhoIOaoskiWAkgu+VsbXgUVDNLHf+InQ==
  dependencies:
    estree-walker "^2.0.1"
    picomatch "^2.2.2"

"@types/estree@0.0.39":
  version "0.0.39"
  resolved "https://registry.yarnpkg.com/@types/estree/-/estree-0.0.39.tgz#e177e699ee1b8c22d23174caaa7422644389509f"
  integrity sha512-EYNwp3bU+98cpU4lAWYYL7Zz+2gryWH1qbdDTidVd6hkiR6weksdbMadyXKXNPEkQFhXM+hVO9ZygomHXp+AIw==

"@types/node@*":
  version "17.0.25"
  resolved "https://registry.yarnpkg.com/@types/node/-/node-17.0.25.tgz#527051f3c2f77aa52e5dc74e45a3da5fb2301448"
  integrity sha512-wANk6fBrUwdpY4isjWrKTufkrXdu1D2YHCot2fD/DfWxF5sMrVSA+KN7ydckvaTCh0HiqX9IVl0L5/ZoXg5M7w==

"@types/resolve@1.17.1":
  version "1.17.1"
  resolved "https://registry.yarnpkg.com/@types/resolve/-/resolve-1.17.1.tgz#3afd6ad8967c77e4376c598a82ddd58f46ec45d6"
  integrity sha512-yy7HuzQhj0dhGpD8RLXSZWEkLsV9ibvxvi6EiJ3bkqLAO1RGo0WbkWQiwpRlSFymTJRz0d3k5LM3kkx8ArDbLw==
  dependencies:
    "@types/node" "*"

"@types/three@*":
  version "0.139.0"
  resolved "https://registry.yarnpkg.com/@types/three/-/three-0.139.0.tgz#69af1f0c52f8eea390f513e05478af1dd7f49e6f"
  integrity sha512-4V/jZhyq7Mv05coUzxL3bz8AuBOSi/1F0RY7ujisHTV0Amy/fnYJ+s7TSJ1/hXjZukSkpuFRgV+wvWUEMbsMbQ==

builtin-modules@^3.0.0:
  version "3.3.0"
  resolved "https://registry.yarnpkg.com/builtin-modules/-/builtin-modules-3.3.0.tgz#cae62812b89801e9656336e46223e030386be7b6"
  integrity sha512-zhaCDicdLuWN5UbN5IMnFqNMhNfo919sH85y2/ea+5Yg9TsTkeZxpL+JLbp6cgYFS4sRLp3YV4S6yDuqVWHYOw==

deepmerge@^4.2.2:
  version "4.2.2"
  resolved "https://registry.yarnpkg.com/deepmerge/-/deepmerge-4.2.2.tgz#44d2ea3679b8f4d4ffba33f03d865fc1e7bf4955"
  integrity sha512-FJ3UgI4gIl+PHZm53knsuSFpE+nESMr7M4v9QcgB7S63Kj/6WqMiFQJpBBYz1Pt+66bZpP3Q7Lye0Oo9MPKEdg==

esbuild-android-64@0.14.36:
  version "0.14.36"
  resolved "https://registry.yarnpkg.com/esbuild-android-64/-/esbuild-android-64-0.14.36.tgz#fc5f95ce78c8c3d790fa16bc71bd904f2bb42aa1"
  integrity sha512-jwpBhF1jmo0tVCYC/ORzVN+hyVcNZUWuozGcLHfod0RJCedTDTvR4nwlTXdx1gtncDqjk33itjO+27OZHbiavw==

esbuild-android-arm64@0.14.36:
  version "0.14.36"
  resolved "https://registry.yarnpkg.com/esbuild-android-arm64/-/esbuild-android-arm64-0.14.36.tgz#44356fbb9f8de82a5cdf11849e011dfb3ad0a8a8"
  integrity sha512-/hYkyFe7x7Yapmfv4X/tBmyKnggUmdQmlvZ8ZlBnV4+PjisrEhAvC3yWpURuD9XoB8Wa1d5dGkTsF53pIvpjsg==

esbuild-darwin-64@0.14.36:
  version "0.14.36"
  resolved "https://registry.yarnpkg.com/esbuild-darwin-64/-/esbuild-darwin-64-0.14.36.tgz#3d9324b21489c70141665c2e740d6e84f16f725d"
  integrity sha512-kkl6qmV0dTpyIMKagluzYqlc1vO0ecgpviK/7jwPbRDEv5fejRTaBBEE2KxEQbTHcLhiiDbhG7d5UybZWo/1zQ==

esbuild-darwin-arm64@0.14.36:
  version "0.14.36"
  resolved "https://registry.yarnpkg.com/esbuild-darwin-arm64/-/esbuild-darwin-arm64-0.14.36.tgz#2a8040c2e465131e5281034f3c72405e643cb7b2"
  integrity sha512-q8fY4r2Sx6P0Pr3VUm//eFYKVk07C5MHcEinU1BjyFnuYz4IxR/03uBbDwluR6ILIHnZTE7AkTUWIdidRi1Jjw==

esbuild-freebsd-64@0.14.36:
  version "0.14.36"
  resolved "https://registry.yarnpkg.com/esbuild-freebsd-64/-/esbuild-freebsd-64-0.14.36.tgz#d82c387b4d01fe9e8631f97d41eb54f2dbeb68a3"
  integrity sha512-Hn8AYuxXXRptybPqoMkga4HRFE7/XmhtlQjXFHoAIhKUPPMeJH35GYEUWGbjteai9FLFvBAjEAlwEtSGxnqWww==

esbuild-freebsd-arm64@0.14.36:
  version "0.14.36"
  resolved "https://registry.yarnpkg.com/esbuild-freebsd-arm64/-/esbuild-freebsd-arm64-0.14.36.tgz#e8ce2e6c697da6c7ecd0cc0ac821d47c5ab68529"
  integrity sha512-S3C0attylLLRiCcHiJd036eDEMOY32+h8P+jJ3kTcfhJANNjP0TNBNL30TZmEdOSx/820HJFgRrqpNAvTbjnDA==

esbuild-linux-32@0.14.36:
  version "0.14.36"
  resolved "https://registry.yarnpkg.com/esbuild-linux-32/-/esbuild-linux-32-0.14.36.tgz#a4a261e2af91986ea62451f2db712a556cb38a15"
  integrity sha512-Eh9OkyTrEZn9WGO4xkI3OPPpUX7p/3QYvdG0lL4rfr73Ap2HAr6D9lP59VMF64Ex01LhHSXwIsFG/8AQjh6eNw==

esbuild-linux-64@0.14.36:
  version "0.14.36"
  resolved "https://registry.yarnpkg.com/esbuild-linux-64/-/esbuild-linux-64-0.14.36.tgz#4a9500f9197e2c8fcb884a511d2c9d4c2debde72"
  integrity sha512-vFVFS5ve7PuwlfgoWNyRccGDi2QTNkQo/2k5U5ttVD0jRFaMlc8UQee708fOZA6zTCDy5RWsT5MJw3sl2X6KDg==

esbuild-linux-arm64@0.14.36:
  version "0.14.36"
  resolved "https://registry.yarnpkg.com/esbuild-linux-arm64/-/esbuild-linux-arm64-0.14.36.tgz#c91c21e25b315464bd7da867365dd1dae14ca176"
  integrity sha512-24Vq1M7FdpSmaTYuu1w0Hdhiqkbto1I5Pjyi+4Cdw5fJKGlwQuw+hWynTcRI/cOZxBcBpP21gND7W27gHAiftw==

esbuild-linux-arm@0.14.36:
  version "0.14.36"
  resolved "https://registry.yarnpkg.com/esbuild-linux-arm/-/esbuild-linux-arm-0.14.36.tgz#90e23bca2e6e549affbbe994f80ba3bb6c4d934a"
  integrity sha512-NhgU4n+NCsYgt7Hy61PCquEz5aevI6VjQvxwBxtxrooXsxt5b2xtOUXYZe04JxqQo+XZk3d1gcr7pbV9MAQ/Lg==

esbuild-linux-mips64le@0.14.36:
  version "0.14.36"
  resolved "https://registry.yarnpkg.com/esbuild-linux-mips64le/-/esbuild-linux-mips64le-0.14.36.tgz#40e11afb08353ff24709fc89e4db0f866bc131d2"
  integrity sha512-hZUeTXvppJN+5rEz2EjsOFM9F1bZt7/d2FUM1lmQo//rXh1RTFYzhC0txn7WV0/jCC7SvrGRaRz0NMsRPf8SIA==

esbuild-linux-ppc64le@0.14.36:
  version "0.14.36"
  resolved "https://registry.yarnpkg.com/esbuild-linux-ppc64le/-/esbuild-linux-ppc64le-0.14.36.tgz#9e8a588c513d06cc3859f9dcc52e5fdfce8a1a5e"
  integrity sha512-1Bg3QgzZjO+QtPhP9VeIBhAduHEc2kzU43MzBnMwpLSZ890azr4/A9Dganun8nsqD/1TBcqhId0z4mFDO8FAvg==

esbuild-linux-riscv64@0.14.36:
  version "0.14.36"
  resolved "https://registry.yarnpkg.com/esbuild-linux-riscv64/-/esbuild-linux-riscv64-0.14.36.tgz#e578c09b23b3b97652e60e3692bfda628b541f06"
  integrity sha512-dOE5pt3cOdqEhaufDRzNCHf5BSwxgygVak9UR7PH7KPVHwSTDAZHDoEjblxLqjJYpc5XaU9+gKJ9F8mp9r5I4A==

esbuild-linux-s390x@0.14.36:
  version "0.14.36"
  resolved "https://registry.yarnpkg.com/esbuild-linux-s390x/-/esbuild-linux-s390x-0.14.36.tgz#3c9dab40d0d69932ffded0fd7317bb403626c9bc"
  integrity sha512-g4FMdh//BBGTfVHjF6MO7Cz8gqRoDPzXWxRvWkJoGroKA18G9m0wddvPbEqcQf5Tbt2vSc1CIgag7cXwTmoTXg==

esbuild-netbsd-64@0.14.36:
  version "0.14.36"
  resolved "https://registry.yarnpkg.com/esbuild-netbsd-64/-/esbuild-netbsd-64-0.14.36.tgz#e27847f6d506218291619b8c1e121ecd97628494"
  integrity sha512-UB2bVImxkWk4vjnP62ehFNZ73lQY1xcnL5ZNYF3x0AG+j8HgdkNF05v67YJdCIuUJpBuTyCK8LORCYo9onSW+A==

esbuild-openbsd-64@0.14.36:
  version "0.14.36"
  resolved "https://registry.yarnpkg.com/esbuild-openbsd-64/-/esbuild-openbsd-64-0.14.36.tgz#c94c04c557fae516872a586eae67423da6d2fabb"
  integrity sha512-NvGB2Chf8GxuleXRGk8e9zD3aSdRO5kLt9coTQbCg7WMGXeX471sBgh4kSg8pjx0yTXRt0MlrUDnjVYnetyivg==

esbuild-sunos-64@0.14.36:
  version "0.14.36"
  resolved "https://registry.yarnpkg.com/esbuild-sunos-64/-/esbuild-sunos-64-0.14.36.tgz#9b79febc0df65a30f1c9bd63047d1675511bf99d"
  integrity sha512-VkUZS5ftTSjhRjuRLp+v78auMO3PZBXu6xl4ajomGenEm2/rGuWlhFSjB7YbBNErOchj51Jb2OK8lKAo8qdmsQ==

esbuild-windows-32@0.14.36:
  version "0.14.36"
  resolved "https://registry.yarnpkg.com/esbuild-windows-32/-/esbuild-windows-32-0.14.36.tgz#910d11936c8d2122ffdd3275e5b28d8a4e1240ec"
  integrity sha512-bIar+A6hdytJjZrDxfMBUSEHHLfx3ynoEZXx/39nxy86pX/w249WZm8Bm0dtOAByAf4Z6qV0LsnTIJHiIqbw0w==

esbuild-windows-64@0.14.36:
  version "0.14.36"
  resolved "https://registry.yarnpkg.com/esbuild-windows-64/-/esbuild-windows-64-0.14.36.tgz#21b4ce8b42a4efc63f4b58ec617f1302448aad26"
  integrity sha512-+p4MuRZekVChAeueT1Y9LGkxrT5x7YYJxYE8ZOTcEfeUUN43vktSn6hUNsvxzzATrSgq5QqRdllkVBxWZg7KqQ==

esbuild-windows-arm64@0.14.36:
  version "0.14.36"
  resolved "https://registry.yarnpkg.com/esbuild-windows-arm64/-/esbuild-windows-arm64-0.14.36.tgz#ba21546fecb7297667d0052d00150de22c044b24"
  integrity sha512-fBB4WlDqV1m18EF/aheGYQkQZHfPHiHJSBYzXIo8yKehek+0BtBwo/4PNwKGJ5T0YK0oc8pBKjgwPbzSrPLb+Q==

esbuild@^0.14.27:
  version "0.14.36"
  resolved "https://registry.yarnpkg.com/esbuild/-/esbuild-0.14.36.tgz#0023a73eab57886ac5605df16ee421e471a971b3"
  integrity sha512-HhFHPiRXGYOCRlrhpiVDYKcFJRdO0sBElZ668M4lh2ER0YgnkLxECuFe7uWCf23FrcLc59Pqr7dHkTqmRPDHmw==
  optionalDependencies:
    esbuild-android-64 "0.14.36"
    esbuild-android-arm64 "0.14.36"
    esbuild-darwin-64 "0.14.36"
    esbuild-darwin-arm64 "0.14.36"
    esbuild-freebsd-64 "0.14.36"
    esbuild-freebsd-arm64 "0.14.36"
    esbuild-linux-32 "0.14.36"
    esbuild-linux-64 "0.14.36"
    esbuild-linux-arm "0.14.36"
    esbuild-linux-arm64 "0.14.36"
    esbuild-linux-mips64le "0.14.36"
    esbuild-linux-ppc64le "0.14.36"
    esbuild-linux-riscv64 "0.14.36"
    esbuild-linux-s390x "0.14.36"
    esbuild-netbsd-64 "0.14.36"
    esbuild-openbsd-64 "0.14.36"
    esbuild-sunos-64 "0.14.36"
    esbuild-windows-32 "0.14.36"
    esbuild-windows-64 "0.14.36"
    esbuild-windows-arm64 "0.14.36"

estree-walker@^1.0.1:
  version "1.0.1"
  resolved "https://registry.yarnpkg.com/estree-walker/-/estree-walker-1.0.1.tgz#31bc5d612c96b704106b477e6dd5d8aa138cb700"
  integrity sha512-1fMXF3YP4pZZVozF8j/ZLfvnR8NSIljt56UhbZ5PeeDmmGHpgpdwQt7ITlGvYaQukCvuBRMLEiKiYC+oeIg4cg==

estree-walker@^2.0.1:
  version "2.0.2"
  resolved "https://registry.yarnpkg.com/estree-walker/-/estree-walker-2.0.2.tgz#52f010178c2a4c117a7757cfe942adb7d2da4cac"
  integrity sha512-Rfkk/Mp/DL7JVje3u18FxFujQlTNR2q6QfMSMB7AvCBx91NGj/ba3kCfza0f6dVDbw7YlRf/nDrn7pQrCCyQ/w==

fsevents@~2.3.2:
  version "2.3.2"
  resolved "https://registry.yarnpkg.com/fsevents/-/fsevents-2.3.2.tgz#8a526f78b8fdf4623b709e0b975c52c24c02fd1a"
  integrity sha512-xiqMQR4xAeHTuB9uWm+fFRcIOgKBMiOBP+eXiyT7jsgVCq1bkVygt00oASowB7EdtpOHaaPgKt812P9ab+DDKA==

function-bind@^1.1.1:
  version "1.1.1"
  resolved "https://registry.yarnpkg.com/function-bind/-/function-bind-1.1.1.tgz#a56899d3ea3c9bab874bb9773b7c5ede92f4895d"
  integrity sha512-yIovAzMX49sF8Yl58fSCWJ5svSLuaibPxXQJFLmBObTuCr0Mf1KiPopGM9NiFjiYBCbfaa2Fh6breQ6ANVTI0A==

has@^1.0.3:
  version "1.0.3"
  resolved "https://registry.yarnpkg.com/has/-/has-1.0.3.tgz#722d7cbfc1f6aa8241f16dd814e011e1f41e8796"
  integrity sha512-f2dvO0VU6Oej7RkWJGrehjbzMAjFp5/VKPp5tTpWIV4JHHZK1/BxbFRtf/siA2SWTe09caDmVtYYzWEIbBS4zw==
  dependencies:
    function-bind "^1.1.1"

is-builtin-module@^3.1.0:
  version "3.1.0"
  resolved "https://registry.yarnpkg.com/is-builtin-module/-/is-builtin-module-3.1.0.tgz#6fdb24313b1c03b75f8b9711c0feb8c30b903b00"
  integrity sha512-OV7JjAgOTfAFJmHZLvpSTb4qi0nIILDV1gWPYDnDJUTNFM5aGlRAhk4QcT8i7TuAleeEV5Fdkqn3t4mS+Q11fg==
  dependencies:
    builtin-modules "^3.0.0"

is-core-module@^2.8.1:
  version "2.9.0"
  resolved "https://registry.yarnpkg.com/is-core-module/-/is-core-module-2.9.0.tgz#e1c34429cd51c6dd9e09e0799e396e27b19a9c69"
  integrity sha512-+5FPy5PnwmO3lvfMb0AsoPaBG+5KHUI0wYFXOtYPnVVVspTFUuMZNfNaNVRt3FZadstu2c8x23vykRW/NBoU6A==
  dependencies:
    has "^1.0.3"

is-module@^1.0.0:
  version "1.0.0"
  resolved "https://registry.yarnpkg.com/is-module/-/is-module-1.0.0.tgz#3258fb69f78c14d5b815d664336b4cffb6441591"
  integrity sha1-Mlj7afeMFNW4FdZkM2tM/7ZEFZE=

nanoid@^3.3.4:
  version "3.3.4"
  resolved "https://registry.yarnpkg.com/nanoid/-/nanoid-3.3.4.tgz#730b67e3cd09e2deacf03c027c81c9d9dbc5e8ab"
  integrity sha512-MqBkQh/OHTS2egovRtLk45wEyNXwF+cokD+1YPf9u5VfJiRdAiRwB2froX5Co9Rh20xs4siNPm8naNotSD6RBw==

path-parse@^1.0.7:
  version "1.0.7"
  resolved "https://registry.yarnpkg.com/path-parse/-/path-parse-1.0.7.tgz#fbc114b60ca42b30d9daf5858e4bd68bbedb6735"
  integrity sha512-LDJzPVEEEPR+y48z93A0Ed0yXb8pAByGWo/k5YYdYgpY2/2EsOsksJrq7lOHxryrVOn1ejG6oAp8ahvOIQD8sw==

picocolors@^1.0.0:
  version "1.0.0"
  resolved "https://registry.yarnpkg.com/picocolors/-/picocolors-1.0.0.tgz#cb5bdc74ff3f51892236eaf79d68bc44564ab81c"
  integrity sha512-1fygroTLlHu66zi26VoTDv8yRgm0Fccecssto+MhsZ0D/DGW2sm8E8AjW7NU5VVTRt5GxbeZ5qBuJr+HyLYkjQ==

picomatch@^2.2.2:
  version "2.3.1"
  resolved "https://registry.yarnpkg.com/picomatch/-/picomatch-2.3.1.tgz#3ba3833733646d9d3e4995946c1365a67fb07a42"
  integrity sha512-JU3teHTNjmE2VCGFzuY8EXzCDVwEqB2a8fsIvwaStHhAWJEeVd1o1QD80CU6+ZdEXXSLbSsuLwJjkCBWqRQUVA==

postcss@^8.4.13:
  version "8.4.14"
  resolved "https://registry.yarnpkg.com/postcss/-/postcss-8.4.14.tgz#ee9274d5622b4858c1007a74d76e42e56fd21caf"
  integrity sha512-E398TUmfAYFPBSdzgeieK2Y1+1cpdxJx8yXbK/m57nRhKSmk1GB2tO4lbLBtlkfPQTDKfe4Xqv1ASWPpayPEig==
  dependencies:
    nanoid "^3.3.4"
    picocolors "^1.0.0"
    source-map-js "^1.0.2"

renin@*:
  version "1.3.0"
  resolved "https://registry.yarnpkg.com/renin/-/renin-1.3.0.tgz#b21f3f309abc25d0b1312f41a705fc6aa6702ef9"
  integrity sha512-+MJu0YzDuufYdQ/AbussCj8tAW4DW0+ysAq6EFL7Sy+6ZjkmN3LmpLjhphIacZ+f4btLrxJWpcas2GtYgSxmjA==

resolve@^1.19.0, resolve@^1.22.0:
  version "1.22.0"
  resolved "https://registry.yarnpkg.com/resolve/-/resolve-1.22.0.tgz#5e0b8c67c15df57a89bdbabe603a002f21731198"
  integrity sha512-Hhtrw0nLeSrFQ7phPp4OOcVjLPIeMnRlr5mcnVuMe7M/7eBn98A3hmFRLoFo3DLZkivSYwhRUJTyPyWAk56WLw==
  dependencies:
    is-core-module "^2.8.1"
    path-parse "^1.0.7"
    supports-preserve-symlinks-flag "^1.0.0"

rollup@^2.59.0:
  version "2.70.2"
  resolved "https://registry.yarnpkg.com/rollup/-/rollup-2.70.2.tgz#808d206a8851628a065097b7ba2053bd83ba0c0d"
  integrity sha512-EitogNZnfku65I1DD5Mxe8JYRUCy0hkK5X84IlDtUs+O6JRMpRciXTzyCUuX11b5L5pvjH+OmFXiQ3XjabcXgg==
  optionalDependencies:
    fsevents "~2.3.2"

source-map-js@^1.0.2:
  version "1.0.2"
  resolved "https://registry.yarnpkg.com/source-map-js/-/source-map-js-1.0.2.tgz#adbc361d9c62df380125e7f161f71c826f1e490c"
  integrity sha512-R0XvVJ9WusLiqTCEiGCmICCMplcCkIwwR11mOSD9CR5u+IXYdiseeEuXCVAjS54zqwkLcPNnmU4OeJ6tUrWhDw==

supports-preserve-symlinks-flag@^1.0.0:
  version "1.0.0"
  resolved "https://registry.yarnpkg.com/supports-preserve-symlinks-flag/-/supports-preserve-symlinks-flag-1.0.0.tgz#6eda4bd344a3c94aea376d4cc31bc77311039e09"
  integrity sha512-ot0WnXS9fgdkgIcePe6RHNk1WA8+muPa6cSjeR3V8K27q9BB1rTE3R1p7Hv0z1ZyAc8s6Vvv8DIyWf681MAt0w==

three@*:
  version "0.139.2"
  resolved "https://registry.yarnpkg.com/three/-/three-0.139.2.tgz#b110799a15736df673b9293e31653a4ac73648dd"
  integrity sha512-gV7q7QY8rogu7HLFZR9cWnOQAUedUhu2WXAnpr2kdXZP9YDKsG/0ychwQvWkZN5PlNw9mv5MoCTin6zNTXoONg==

typescript@^4.7.3:
  version "4.7.3"
  resolved "https://registry.yarnpkg.com/typescript/-/typescript-4.7.3.tgz#8364b502d5257b540f9de4c40be84c98e23a129d"
  integrity sha512-WOkT3XYvrpXx4vMMqlD+8R8R37fZkjyLGlxavMc4iB8lrl8L0DeTcHbYgw/v0N/z9wAFsgBhcsF0ruoySS22mA==

vite-plugin-string@*:
  version "1.1.2"
  resolved "https://registry.yarnpkg.com/vite-plugin-string/-/vite-plugin-string-1.1.2.tgz#c577fc4488e5caa829f5e6ea76bf9a1c6c0ae01b"
  integrity sha512-QMzsMAR4Vpw4DdCPNypVxKOkthtYIKNk8aR7U10kC/uMogf5tKsq5o8+lB9FtEu3XlSuym3On071zlUBP14yaw==
  dependencies:
    "@rollup/pluginutils" "^4.1.0"

vite@*:
  version "2.9.12"
  resolved "https://registry.yarnpkg.com/vite/-/vite-2.9.12.tgz#b1d636b0a8ac636afe9d83e3792d4895509a941b"
  integrity sha512-suxC36dQo9Rq1qMB2qiRorNJtJAdxguu5TMvBHOc/F370KvqAe9t48vYp+/TbPKRNrMh/J55tOUmkuIqstZaew==
  dependencies:
    esbuild "^0.14.27"
    postcss "^8.4.13"
    resolve "^1.22.0"
    rollup "^2.59.0"
  optionalDependencies:
    fsevents "~2.3.2"
